// !$*UTF8*$!
{
	archiveVersion = 1;
	classes = {
	};
	objectVersion = 50;
	objects = {

/* Begin PBXBuildFile section */
		4897E0D121F0907100584E07 /* AppDelegate.swift in Sources */ = {isa = PBXBuildFile; fileRef = 4897E0D021F0907100584E07 /* AppDelegate.swift */; };
		4897E0D321F0907100584E07 /* ViewController.swift in Sources */ = {isa = PBXBuildFile; fileRef = 4897E0D221F0907100584E07 /* ViewController.swift */; };
		4897E0D621F0907100584E07 /* Main.storyboard in Resources */ = {isa = PBXBuildFile; fileRef = 4897E0D421F0907100584E07 /* Main.storyboard */; };
		4897E0D821F0907200584E07 /* Assets.xcassets in Resources */ = {isa = PBXBuildFile; fileRef = 4897E0D721F0907200584E07 /* Assets.xcassets */; };
		4897E0DB21F0907200584E07 /* LaunchScreen.storyboard in Resources */ = {isa = PBXBuildFile; fileRef = 4897E0D921F0907200584E07 /* LaunchScreen.storyboard */; };
		4897E0E321F0916000584E07 /* PusherManager.swift in Sources */ = {isa = PBXBuildFile; fileRef = 4897E0E221F0916000584E07 /* PusherManager.swift */; };
		8B98024C2DD9FF4487CC3039 /* Pods_PusherIssues.framework in Frameworks */ = {isa = PBXBuildFile; fileRef = 536BE0DAED1167FB28AAF973 /* Pods_PusherIssues.framework */; };
/* End PBXBuildFile section */

/* Begin PBXFileReference section */
		2AD0830F585C8576A7E0DD55 /* Pods-PusherIssues.release.xcconfig */ = {isa = PBXFileReference; includeInIndex = 1; lastKnownFileType = text.xcconfig; name = "Pods-PusherIssues.release.xcconfig"; path = "Pods/Target Support Files/Pods-PusherIssues/Pods-PusherIssues.release.xcconfig"; sourceTree = "<group>"; };
		4897E0CD21F0907100584E07 /* PusherIssues.app */ = {isa = PBXFileReference; explicitFileType = wrapper.application; includeInIndex = 0; path = PusherIssues.app; sourceTree = BUILT_PRODUCTS_DIR; };
		4897E0D021F0907100584E07 /* AppDelegate.swift */ = {isa = PBXFileReference; lastKnownFileType = sourcecode.swift; path = AppDelegate.swift; sourceTree = "<group>"; };
		4897E0D221F0907100584E07 /* ViewController.swift */ = {isa = PBXFileReference; lastKnownFileType = sourcecode.swift; path = ViewController.swift; sourceTree = "<group>"; };
		4897E0D521F0907100584E07 /* Base */ = {isa = PBXFileReference; lastKnownFileType = file.storyboard; name = Base; path = Base.lproj/Main.storyboard; sourceTree = "<group>"; };
		4897E0D721F0907200584E07 /* Assets.xcassets */ = {isa = PBXFileReference; lastKnownFileType = folder.assetcatalog; path = Assets.xcassets; sourceTree = "<group>"; };
		4897E0DA21F0907200584E07 /* Base */ = {isa = PBXFileReference; lastKnownFileType = file.storyboard; name = Base; path = Base.lproj/LaunchScreen.storyboard; sourceTree = "<group>"; };
		4897E0DC21F0907200584E07 /* Info.plist */ = {isa = PBXFileReference; lastKnownFileType = text.plist.xml; path = Info.plist; sourceTree = "<group>"; };
		4897E0E221F0916000584E07 /* PusherManager.swift */ = {isa = PBXFileReference; lastKnownFileType = sourcecode.swift; path = PusherManager.swift; sourceTree = "<group>"; };
		536BE0DAED1167FB28AAF973 /* Pods_PusherIssues.framework */ = {isa = PBXFileReference; explicitFileType = wrapper.framework; includeInIndex = 0; path = Pods_PusherIssues.framework; sourceTree = BUILT_PRODUCTS_DIR; };
		BB598F531E74183F0942F545 /* Pods-PusherIssues.debug.xcconfig */ = {isa = PBXFileReference; includeInIndex = 1; lastKnownFileType = text.xcconfig; name = "Pods-PusherIssues.debug.xcconfig"; path = "Pods/Target Support Files/Pods-PusherIssues/Pods-PusherIssues.debug.xcconfig"; sourceTree = "<group>"; };
/* End PBXFileReference section */

/* Begin PBXFrameworksBuildPhase section */
		4897E0CA21F0907100584E07 /* Frameworks */ = {
			isa = PBXFrameworksBuildPhase;
			buildActionMask = 2147483647;
			files = (
				8B98024C2DD9FF4487CC3039 /* Pods_PusherIssues.framework in Frameworks */,
			);
			runOnlyForDeploymentPostprocessing = 0;
		};
/* End PBXFrameworksBuildPhase section */

/* Begin PBXGroup section */
		4897E0C421F0907100584E07 = {
			isa = PBXGroup;
			children = (
				4897E0CF21F0907100584E07 /* PusherIssues */,
				4897E0CE21F0907100584E07 /* Products */,
				FEED877F015BFF4BEF9533FC /* Pods */,
				7DEAE7D2C951C3C44F67A73B /* Frameworks */,
			);
			sourceTree = "<group>";
		};
		4897E0CE21F0907100584E07 /* Products */ = {
			isa = PBXGroup;
			children = (
				4897E0CD21F0907100584E07 /* PusherIssues.app */,
			);
			name = Products;
			sourceTree = "<group>";
		};
		4897E0CF21F0907100584E07 /* PusherIssues */ = {
			isa = PBXGroup;
			children = (
				4897E0D021F0907100584E07 /* AppDelegate.swift */,
				4897E0D221F0907100584E07 /* ViewController.swift */,
				4897E0D421F0907100584E07 /* Main.storyboard */,
				4897E0D721F0907200584E07 /* Assets.xcassets */,
				4897E0D921F0907200584E07 /* LaunchScreen.storyboard */,
				4897E0DC21F0907200584E07 /* Info.plist */,
				4897E0E221F0916000584E07 /* PusherManager.swift */,
			);
			path = PusherIssues;
			sourceTree = "<group>";
		};
		7DEAE7D2C951C3C44F67A73B /* Frameworks */ = {
			isa = PBXGroup;
			children = (
				536BE0DAED1167FB28AAF973 /* Pods_PusherIssues.framework */,
			);
			name = Frameworks;
			sourceTree = "<group>";
		};
		FEED877F015BFF4BEF9533FC /* Pods */ = {
			isa = PBXGroup;
			children = (
				BB598F531E74183F0942F545 /* Pods-PusherIssues.debug.xcconfig */,
				2AD0830F585C8576A7E0DD55 /* Pods-PusherIssues.release.xcconfig */,
			);
			name = Pods;
			sourceTree = "<group>";
		};
/* End PBXGroup section */

/* Begin PBXNativeTarget section */
		4897E0CC21F0907100584E07 /* PusherIssues */ = {
			isa = PBXNativeTarget;
			buildConfigurationList = 4897E0DF21F0907200584E07 /* Build configuration list for PBXNativeTarget "PusherIssues" */;
			buildPhases = (
				CAD31294A6DB1A961CAEF068 /* [CP] Check Pods Manifest.lock */,
				4897E0C921F0907100584E07 /* Sources */,
				4897E0CA21F0907100584E07 /* Frameworks */,
				4897E0CB21F0907100584E07 /* Resources */,
				F8399830C7FF75C1A87EF21F /* [CP] Embed Pods Frameworks */,
			);
			buildRules = (
			);
			dependencies = (
			);
			name = PusherIssues;
			productName = PusherIssues;
			productReference = 4897E0CD21F0907100584E07 /* PusherIssues.app */;
			productType = "com.apple.product-type.application";
		};
/* End PBXNativeTarget section */

/* Begin PBXProject section */
		4897E0C521F0907100584E07 /* Project object */ = {
			isa = PBXProject;
			attributes = {
				LastSwiftUpdateCheck = 1010;
				LastUpgradeCheck = 1010;
				ORGANIZATIONNAME = "Rudy Suharyadi";
				TargetAttributes = {
					4897E0CC21F0907100584E07 = {
						CreatedOnToolsVersion = 10.1;
					};
				};
			};
			buildConfigurationList = 4897E0C821F0907100584E07 /* Build configuration list for PBXProject "PusherIssues" */;
			compatibilityVersion = "Xcode 9.3";
			developmentRegion = en;
			hasScannedForEncodings = 0;
			knownRegions = (
				en,
				Base,
			);
			mainGroup = 4897E0C421F0907100584E07;
			productRefGroup = 4897E0CE21F0907100584E07 /* Products */;
			projectDirPath = "";
			projectRoot = "";
			targets = (
				4897E0CC21F0907100584E07 /* PusherIssues */,
			);
		};
/* End PBXProject section */

/* Begin PBXResourcesBuildPhase section */
		4897E0CB21F0907100584E07 /* Resources */ = {
			isa = PBXResourcesBuildPhase;
			buildActionMask = 2147483647;
			files = (
				4897E0DB21F0907200584E07 /* LaunchScreen.storyboard in Resources */,
				4897E0D821F0907200584E07 /* Assets.xcassets in Resources */,
				4897E0D621F0907100584E07 /* Main.storyboard in Resources */,
			);
			runOnlyForDeploymentPostprocessing = 0;
		};
/* End PBXResourcesBuildPhase section */

/* Begin PBXShellScriptBuildPhase section */
		CAD31294A6DB1A961CAEF068 /* [CP] Check Pods Manifest.lock */ = {
			isa = PBXShellScriptBuildPhase;
			buildActionMask = 2147483647;
			files = (
			);
			inputFileListPaths = (
			);
			inputPaths = (
				"${PODS_PODFILE_DIR_PATH}/Podfile.lock",
				"${PODS_ROOT}/Manifest.lock",
			);
			name = "[CP] Check Pods Manifest.lock";
			outputFileListPaths = (
			);
			outputPaths = (
				"$(DERIVED_FILE_DIR)/Pods-PusherIssues-checkManifestLockResult.txt",
			);
			runOnlyForDeploymentPostprocessing = 0;
			shellPath = /bin/sh;
			shellScript = "diff \"${PODS_PODFILE_DIR_PATH}/Podfile.lock\" \"${PODS_ROOT}/Manifest.lock\" > /dev/null\nif [ $? != 0 ] ; then\n    # print error to STDERR\n    echo \"error: The sandbox is not in sync with the Podfile.lock. Run 'pod install' or update your CocoaPods installation.\" >&2\n    exit 1\nfi\n# This output is used by Xcode 'outputs' to avoid re-running this script phase.\necho \"SUCCESS\" > \"${SCRIPT_OUTPUT_FILE_0}\"\n";
			showEnvVarsInLog = 0;
		};
		F8399830C7FF75C1A87EF21F /* [CP] Embed Pods Frameworks */ = {
			isa = PBXShellScriptBuildPhase;
			buildActionMask = 2147483647;
			files = (
			);
			inputFileListPaths = (
			);
			inputPaths = (
				"${SRCROOT}/Pods/Target Support Files/Pods-PusherIssues/Pods-PusherIssues-frameworks.sh",
				"${BUILT_PRODUCTS_DIR}/CryptoSwift/CryptoSwift.framework",
				"${BUILT_PRODUCTS_DIR}/PusherSwift/PusherSwift.framework",
				"${BUILT_PRODUCTS_DIR}/ReachabilitySwift/Reachability.framework",
				"${BUILT_PRODUCTS_DIR}/Starscream/Starscream.framework",
				"${BUILT_PRODUCTS_DIR}/TaskQueue/TaskQueue.framework",
			);
			name = "[CP] Embed Pods Frameworks";
			outputFileListPaths = (
			);
			outputPaths = (
				"${TARGET_BUILD_DIR}/${FRAMEWORKS_FOLDER_PATH}/CryptoSwift.framework",
				"${TARGET_BUILD_DIR}/${FRAMEWORKS_FOLDER_PATH}/PusherSwift.framework",
				"${TARGET_BUILD_DIR}/${FRAMEWORKS_FOLDER_PATH}/Reachability.framework",
				"${TARGET_BUILD_DIR}/${FRAMEWORKS_FOLDER_PATH}/Starscream.framework",
				"${TARGET_BUILD_DIR}/${FRAMEWORKS_FOLDER_PATH}/TaskQueue.framework",
			);
			runOnlyForDeploymentPostprocessing = 0;
			shellPath = /bin/sh;
			shellScript = "\"${SRCROOT}/Pods/Target Support Files/Pods-PusherIssues/Pods-PusherIssues-frameworks.sh\"\n";
			showEnvVarsInLog = 0;
		};
/* End PBXShellScriptBuildPhase section */

/* Begin PBXSourcesBuildPhase section */
		4897E0C921F0907100584E07 /* Sources */ = {
			isa = PBXSourcesBuildPhase;
			buildActionMask = 2147483647;
			files = (
				4897E0E321F0916000584E07 /* PusherManager.swift in Sources */,
				4897E0D321F0907100584E07 /* ViewController.swift in Sources */,
				4897E0D121F0907100584E07 /* AppDelegate.swift in Sources */,
			);
			runOnlyForDeploymentPostprocessing = 0;
		};
/* End PBXSourcesBuildPhase section */

/* Begin PBXVariantGroup section */
		4897E0D421F0907100584E07 /* Main.storyboard */ = {
			isa = PBXVariantGroup;
			children = (
				4897E0D521F0907100584E07 /* Base */,
			);
			name = Main.storyboard;
			sourceTree = "<group>";
		};
		4897E0D921F0907200584E07 /* LaunchScreen.storyboard */ = {
			isa = PBXVariantGroup;
			children = (
				4897E0DA21F0907200584E07 /* Base */,
			);
			name = LaunchScreen.storyboard;
			sourceTree = "<group>";
		};
/* End PBXVariantGroup section */

/* Begin XCBuildConfiguration section */
		4897E0DD21F0907200584E07 /* Debug */ = {
			isa = XCBuildConfiguration;
			buildSettings = {
				ALWAYS_SEARCH_USER_PATHS = NO;
				CLANG_ANALYZER_NONNULL = YES;
				CLANG_ANALYZER_NUMBER_OBJECT_CONVERSION = YES_AGGRESSIVE;
				CLANG_CXX_LANGUAGE_STANDARD = "gnu++14";
				CLANG_CXX_LIBRARY = "libc++";
				CLANG_ENABLE_MODULES = YES;
				CLANG_ENABLE_OBJC_ARC = YES;
				CLANG_ENABLE_OBJC_WEAK = YES;
				CLANG_WARN_BLOCK_CAPTURE_AUTORELEASING = YES;
				CLANG_WARN_BOOL_CONVERSION = YES;
				CLANG_WARN_COMMA = YES;
				CLANG_WARN_CONSTANT_CONVERSION = YES;
				CLANG_WARN_DEPRECATED_OBJC_IMPLEMENTATIONS = YES;
				CLANG_WARN_DIRECT_OBJC_ISA_USAGE = YES_ERROR;
				CLANG_WARN_DOCUMENTATION_COMMENTS = YES;
				CLANG_WARN_EMPTY_BODY = YES;
				CLANG_WARN_ENUM_CONVERSION = YES;
				CLANG_WARN_INFINITE_RECURSION = YES;
				CLANG_WARN_INT_CONVERSION = YES;
				CLANG_WARN_NON_LITERAL_NULL_CONVERSION = YES;
				CLANG_WARN_OBJC_IMPLICIT_RETAIN_SELF = YES;
				CLANG_WARN_OBJC_LITERAL_CONVERSION = YES;
				CLANG_WARN_OBJC_ROOT_CLASS = YES_ERROR;
				CLANG_WARN_RANGE_LOOP_ANALYSIS = YES;
				CLANG_WARN_STRICT_PROTOTYPES = YES;
				CLANG_WARN_SUSPICIOUS_MOVE = YES;
				CLANG_WARN_UNGUARDED_AVAILABILITY = YES_AGGRESSIVE;
				CLANG_WARN_UNREACHABLE_CODE = YES;
				CLANG_WARN__DUPLICATE_METHOD_MATCH = YES;
				CODE_SIGN_IDENTITY = "iPhone Developer";
				COPY_PHASE_STRIP = NO;
				DEBUG_INFORMATION_FORMAT = dwarf;
				ENABLE_STRICT_OBJC_MSGSEND = YES;
				ENABLE_TESTABILITY = YES;
				GCC_C_LANGUAGE_STANDARD = gnu11;
				GCC_DYNAMIC_NO_PIC = NO;
				GCC_NO_COMMON_BLOCKS = YES;
				GCC_OPTIMIZATION_LEVEL = 0;
				GCC_PREPROCESSOR_DEFINITIONS = (
					"DEBUG=1",
					"$(inherited)",
				);
				GCC_WARN_64_TO_32_BIT_CONVERSION = YES;
				GCC_WARN_ABOUT_RETURN_TYPE = YES_ERROR;
				GCC_WARN_UNDECLARED_SELECTOR = YES;
				GCC_WARN_UNINITIALIZED_AUTOS = YES_AGGRESSIVE;
				GCC_WARN_UNUSED_FUNCTION = YES;
				GCC_WARN_UNUSED_VARIABLE = YES;
				IPHONEOS_DEPLOYMENT_TARGET = 12.1;
				MTL_ENABLE_DEBUG_INFO = INCLUDE_SOURCE;
				MTL_FAST_MATH = YES;
				ONLY_ACTIVE_ARCH = YES;
				SDKROOT = iphoneos;
				SWIFT_ACTIVE_COMPILATION_CONDITIONS = DEBUG;
				SWIFT_OPTIMIZATION_LEVEL = "-Onone";
			};
			name = Debug;
		};
		4897E0DE21F0907200584E07 /* Release */ = {
			isa = XCBuildConfiguration;
			buildSettings = {
				ALWAYS_SEARCH_USER_PATHS = NO;
				CLANG_ANALYZER_NONNULL = YES;
				CLANG_ANALYZER_NUMBER_OBJECT_CONVERSION = YES_AGGRESSIVE;
				CLANG_CXX_LANGUAGE_STANDARD = "gnu++14";
				CLANG_CXX_LIBRARY = "libc++";
				CLANG_ENABLE_MODULES = YES;
				CLANG_ENABLE_OBJC_ARC = YES;
				CLANG_ENABLE_OBJC_WEAK = YES;
				CLANG_WARN_BLOCK_CAPTURE_AUTORELEASING = YES;
				CLANG_WARN_BOOL_CONVERSION = YES;
				CLANG_WARN_COMMA = YES;
				CLANG_WARN_CONSTANT_CONVERSION = YES;
				CLANG_WARN_DEPRECATED_OBJC_IMPLEMENTATIONS = YES;
				CLANG_WARN_DIRECT_OBJC_ISA_USAGE = YES_ERROR;
				CLANG_WARN_DOCUMENTATION_COMMENTS = YES;
				CLANG_WARN_EMPTY_BODY = YES;
				CLANG_WARN_ENUM_CONVERSION = YES;
				CLANG_WARN_INFINITE_RECURSION = YES;
				CLANG_WARN_INT_CONVERSION = YES;
				CLANG_WARN_NON_LITERAL_NULL_CONVERSION = YES;
				CLANG_WARN_OBJC_IMPLICIT_RETAIN_SELF = YES;
				CLANG_WARN_OBJC_LITERAL_CONVERSION = YES;
				CLANG_WARN_OBJC_ROOT_CLASS = YES_ERROR;
				CLANG_WARN_RANGE_LOOP_ANALYSIS = YES;
				CLANG_WARN_STRICT_PROTOTYPES = YES;
				CLANG_WARN_SUSPICIOUS_MOVE = YES;
				CLANG_WARN_UNGUARDED_AVAILABILITY = YES_AGGRESSIVE;
				CLANG_WARN_UNREACHABLE_CODE = YES;
				CLANG_WARN__DUPLICATE_METHOD_MATCH = YES;
				CODE_SIGN_IDENTITY = "iPhone Developer";
				COPY_PHASE_STRIP = NO;
				DEBUG_INFORMATION_FORMAT = "dwarf-with-dsym";
				ENABLE_NS_ASSERTIONS = NO;
				ENABLE_STRICT_OBJC_MSGSEND = YES;
				GCC_C_LANGUAGE_STANDARD = gnu11;
				GCC_NO_COMMON_BLOCKS = YES;
				GCC_WARN_64_TO_32_BIT_CONVERSION = YES;
				GCC_WARN_ABOUT_RETURN_TYPE = YES_ERROR;
				GCC_WARN_UNDECLARED_SELECTOR = YES;
				GCC_WARN_UNINITIALIZED_AUTOS = YES_AGGRESSIVE;
				GCC_WARN_UNUSED_FUNCTION = YES;
				GCC_WARN_UNUSED_VARIABLE = YES;
				IPHONEOS_DEPLOYMENT_TARGET = 12.1;
				MTL_ENABLE_DEBUG_INFO = NO;
				MTL_FAST_MATH = YES;
				SDKROOT = iphoneos;
				SWIFT_COMPILATION_MODE = wholemodule;
				SWIFT_OPTIMIZATION_LEVEL = "-O";
				VALIDATE_PRODUCT = YES;
			};
			name = Release;
		};
		4897E0E021F0907200584E07 /* Debug */ = {
			isa = XCBuildConfiguration;
			baseConfigurationReference = BB598F531E74183F0942F545 /* Pods-PusherIssues.debug.xcconfig */;
			buildSettings = {
				ASSETCATALOG_COMPILER_APPICON_NAME = AppIcon;
				CODE_SIGN_STYLE = Automatic;
				DEVELOPMENT_TEAM = 567F68XJDN;
				INFOPLIST_FILE = PusherIssues/Info.plist;
				LD_RUNPATH_SEARCH_PATHS = (
					"$(inherited)",
					"@executable_path/Frameworks",
				);
				PRODUCT_BUNDLE_IDENTIFIER = com.mokapos.PusherIssues;
				PRODUCT_NAME = "$(TARGET_NAME)";
				SWIFT_VERSION = 4.2;
				TARGETED_DEVICE_FAMILY = "1,2";
			};
			name = Debug;
		};
		4897E0E121F0907200584E07 /* Release */ = {
			isa = XCBuildConfiguration;
			baseConfigurationReference = 2AD0830F585C8576A7E0DD55 /* Pods-PusherIssues.release.xcconfig */;
			buildSettings = {
				ASSETCATALOG_COMPILER_APPICON_NAME = AppIcon;
				CODE_SIGN_STYLE = Automatic;
				DEVELOPMENT_TEAM = 567F68XJDN;
				INFOPLIST_FILE = PusherIssues/Info.plist;
				LD_RUNPATH_SEARCH_PATHS = (
					"$(inherited)",
					"@executable_path/Frameworks",
				);
				PRODUCT_BUNDLE_IDENTIFIER = com.mokapos.PusherIssues;
				PRODUCT_NAME = "$(TARGET_NAME)";
				SWIFT_VERSION = 4.2;
				TARGETED_DEVICE_FAMILY = "1,2";
			};
			name = Release;
		};
/* End XCBuildConfiguration section */

/* Begin XCConfigurationList section */
		4897E0C821F0907100584E07 /* Build configuration list for PBXProject "PusherIssues" */ = {
			isa = XCConfigurationList;
			buildConfigurations = (
				4897E0DD21F0907200584E07 /* Debug */,
				4897E0DE21F0907200584E07 /* Release */,
			);
			defaultConfigurationIsVisible = 0;
			defaultConfigurationName = Release;
		};
		4897E0DF21F0907200584E07 /* Build configuration list for PBXNativeTarget "PusherIssues" */ = {
			isa = XCConfigurationList;
			buildConfigurations = (
				4897E0E021F0907200584E07 /* Debug */,
				4897E0E121F0907200584E07 /* Release */,
			);
			defaultConfigurationIsVisible = 0;
			defaultConfigurationName = Release;
		};
/* End XCConfigurationList section */
	};
	rootObject = 4897E0C521F0907100584E07 /* Project object */;
}
